
Microsoft Visual Studio Solution File, Format Version 12.00
# Visual Studio Version 16
VisualStudioVersion = 16.0.33423.256
MinimumVisualStudioVersion = 10.0.40219.1
Project("{8BC9CEB8-8B4A-11D0-8D11-00A0C91BC942}") = "openGL TEST", "openGL TEST\openGL TEST.vcxproj", "{4A9E2E41-D250-4970-BBD0-A9A35C5A727B}"
EndProject
Global
	GlobalSection(SolutionConfigurationPlatforms) = preSolution
		Debug|Win32 = Debug|Win32
		Debug|x64 = Debug|x64
		Debug|x86 = Debug|x86
		Release|Win32 = Release|Win32
		Release|x64 = Release|x64
		Release|x86 = Release|x86
	EndGlobalSection
	GlobalSection(ProjectConfigurationPlatforms) = postSolution
		{4A9E2E41-D250-4970-BBD0-A9A35C5A727B}.Debug|Win32.ActiveCfg = Debug|Win32
		{4A9E2E41-D250-4970-BBD0-A9A35C5A727B}.Debug|Win32.Build.0 = Debug|Win32
		{4A9E2E41-D250-4970-BBD0-A9A35C5A727B}.Debug|x64.ActiveCfg = Debug|x64
		{4A9E2E41-D250-4970-BBD0-A9A35C5A727B}.Debug|x64.Build.0 = Debug|x64
		{4A9E2E41-D250-4970-BBD0-A9A35C5A727B}.Debug|x86.ActiveCfg = Debug|Win32
		{4A9E2E41-D250-4970-BBD0-A9A35C5A727B}.Debug|x86.Build.0 = Debug|Win32
		{4A9E2E41-D250-4970-BBD0-A9A35C5A727B}.Release|Win32.ActiveCfg = Release|Win32
		{4A9E2E41-D250-4970-BBD0-A9A35C5A727B}.Release|Win32.Build.0 = Release|Win32
		{4A9E2E41-D250-4970-BBD0-A9A35C5A727B}.Release|x64.ActiveCfg = Release|x64
		{4A9E2E41-D250-4970-BBD0-A9A35C5A727B}.Release|x64.Build.0 = Release|x64
		{4A9E2E41-D250-4970-BBD0-A9A35C5A727B}.Release|x86.ActiveCfg = Release|Win32
		{4A9E2E41-D250-4970-BBD0-A9A35C5A727B}.Release|x86.Build.0 = Release|Win32
	EndGlobalSection
	GlobalSection(SolutionProperties) = preSolution
		HideSolutionNode = FALSE
	EndGlobalSection
	GlobalSection(ExtensibilityGlobals) = postSolution
		SolutionGuid = {9A67EB1D-71D3-48DA-9129-6773A0C01DC4}
	EndGlobalSection
EndGlobal
